
Microsoft Visual Studio Solution File, Format Version 12.00
# Visual Studio Version 16
VisualStudioVersion = 16.0.31702.278
MinimumVisualStudioVersion = 10.0.40219.1
Project("{FAE04EC0-301F-11D3-BF4B-00C04F79EFBC}") = "Test All Providers ADO", "Test All Providers ADO.csproj", "{39685E98-15BB-4394-8A1D-4E8B545E74E8}"
EndProject
Global
	GlobalSection(SolutionConfigurationPlatforms) = preSolution
		Debug|Any CPU = Debug|Any CPU
		Release|Any CPU = Release|Any CPU
	EndGlobalSection
	GlobalSection(ProjectConfigurationPlatforms) = postSolution
		{39685E98-15BB-4394-8A1D-4E8B545E74E8}.Debug|Any CPU.ActiveCfg = Debug|Any CPU
		{39685E98-15BB-4394-8A1D-4E8B545E74E8}.Debug|Any CPU.Build.0 = Debug|Any CPU
		{39685E98-15BB-4394-8A1D-4E8B545E74E8}.Release|Any CPU.ActiveCfg = Release|Any CPU
		{39685E98-15BB-4394-8A1D-4E8B545E74E8}.Release|Any CPU.Build.0 = Release|Any CPU
	EndGlobalSection
	GlobalSection(SolutionProperties) = preSolution
		HideSolutionNode = FALSE
	EndGlobalSection
	GlobalSection(ExtensibilityGlobals) = postSolution
		SolutionGuid = {6DC351FA-6B77-4BC9-8269-B386C06ADD15}
	EndGlobalSection
EndGlobal
